// !$*UTF8*$!
{
	archiveVersion = 1;
	classes = {
	};
	objectVersion = 48;
	objects = {

/* Begin PBXBuildFile section */
		120D3B561FC4957F00BCB58D /* AppDelegate.swift in Sources */ = {isa = PBXBuildFile; fileRef = 120D3B551FC4957F00BCB58D /* AppDelegate.swift */; };
		120D3B581FC4957F00BCB58D /* ViewController.swift in Sources */ = {isa = PBXBuildFile; fileRef = 120D3B571FC4957F00BCB58D /* ViewController.swift */; };
		120D3B5B1FC4957F00BCB58D /* Main.storyboard in Resources */ = {isa = PBXBuildFile; fileRef = 120D3B591FC4957F00BCB58D /* Main.storyboard */; };
		120D3B5E1FC4957F00BCB58D /* Voice_Manipulation_App.xcdatamodeld in Sources */ = {isa = PBXBuildFile; fileRef = 120D3B5C1FC4957F00BCB58D /* Voice_Manipulation_App.xcdatamodeld */; };
		120D3B601FC4957F00BCB58D /* Assets.xcassets in Resources */ = {isa = PBXBuildFile; fileRef = 120D3B5F1FC4957F00BCB58D /* Assets.xcassets */; };
		120D3B631FC4957F00BCB58D /* LaunchScreen.storyboard in Resources */ = {isa = PBXBuildFile; fileRef = 120D3B611FC4957F00BCB58D /* LaunchScreen.storyboard */; };
/* End PBXBuildFile section */

/* Begin PBXFileReference section */
		120D3B521FC4957F00BCB58D /* Voice Manipulation App.app */ = {isa = PBXFileReference; explicitFileType = wrapper.application; includeInIndex = 0; path = "Voice Manipulation App.app"; sourceTree = BUILT_PRODUCTS_DIR; };
		120D3B551FC4957F00BCB58D /* AppDelegate.swift */ = {isa = PBXFileReference; lastKnownFileType = sourcecode.swift; path = AppDelegate.swift; sourceTree = "<group>"; };
		120D3B571FC4957F00BCB58D /* ViewController.swift */ = {isa = PBXFileReference; lastKnownFileType = sourcecode.swift; path = ViewController.swift; sourceTree = "<group>"; };
		120D3B5A1FC4957F00BCB58D /* Base */ = {isa = PBXFileReference; lastKnownFileType = file.storyboard; name = Base; path = Base.lproj/Main.storyboard; sourceTree = "<group>"; };
		120D3B5D1FC4957F00BCB58D /* Voice_Manipulation_App.xcdatamodel */ = {isa = PBXFileReference; lastKnownFileType = wrapper.xcdatamodel; path = Voice_Manipulation_App.xcdatamodel; sourceTree = "<group>"; };
		120D3B5F1FC4957F00BCB58D /* Assets.xcassets */ = {isa = PBXFileReference; lastKnownFileType = folder.assetcatalog; path = Assets.xcassets; sourceTree = "<group>"; };
		120D3B621FC4957F00BCB58D /* Base */ = {isa = PBXFileReference; lastKnownFileType = file.storyboard; name = Base; path = Base.lproj/LaunchScreen.storyboard; sourceTree = "<group>"; };
		120D3B641FC4957F00BCB58D /* Info.plist */ = {isa = PBXFileReference; lastKnownFileType = text.plist.xml; path = Info.plist; sourceTree = "<group>"; };
/* End PBXFileReference section */

/* Begin PBXFrameworksBuildPhase section */
		120D3B4F1FC4957F00BCB58D /* Frameworks */ = {
			isa = PBXFrameworksBuildPhase;
			buildActionMask = 2147483647;
			files = (
			);
			runOnlyForDeploymentPostprocessing = 0;
		};
/* End PBXFrameworksBuildPhase section */

/* Begin PBXGroup section */
		120D3B491FC4957F00BCB58D = {
			isa = PBXGroup;
			children = (
				120D3B541FC4957F00BCB58D /* Voice Manipulation App */,
				120D3B531FC4957F00BCB58D /* Products */,
			);
			sourceTree = "<group>";
		};
		120D3B531FC4957F00BCB58D /* Products */ = {
			isa = PBXGroup;
			children = (
				120D3B521FC4957F00BCB58D /* Voice Manipulation App.app */,
			);
			name = Products;
			sourceTree = "<group>";
		};
		120D3B541FC4957F00BCB58D /* Voice Manipulation App */ = {
			isa = PBXGroup;
			children = (
				120D3B551FC4957F00BCB58D /* AppDelegate.swift */,
				120D3B571FC4957F00BCB58D /* ViewController.swift */,
				120D3B591FC4957F00BCB58D /* Main.storyboard */,
				120D3B5F1FC4957F00BCB58D /* Assets.xcassets */,
				120D3B611FC4957F00BCB58D /* LaunchScreen.storyboard */,
				120D3B641FC4957F00BCB58D /* Info.plist */,
				120D3B5C1FC4957F00BCB58D /* Voice_Manipulation_App.xcdatamodeld */,
			);
			path = "Voice Manipulation App";
			sourceTree = "<group>";
		};
/* End PBXGroup section */

/* Begin PBXNativeTarget section */
		120D3B511FC4957F00BCB58D /* Voice Manipulation App */ = {
			isa = PBXNativeTarget;
			buildConfigurationList = 120D3B671FC4957F00BCB58D /* Build configuration list for PBXNativeTarget "Voice Manipulation App" */;
			buildPhases = (
				120D3B4E1FC4957F00BCB58D /* Sources */,
				120D3B4F1FC4957F00BCB58D /* Frameworks */,
				120D3B501FC4957F00BCB58D /* Resources */,
			);
			buildRules = (
			);
			dependencies = (
			);
			name = "Voice Manipulation App";
			productName = "Voice Manipulation App";
			productReference = 120D3B521FC4957F00BCB58D /* Voice Manipulation App.app */;
			productType = "com.apple.product-type.application";
		};
/* End PBXNativeTarget section */

/* Begin PBXProject section */
		120D3B4A1FC4957F00BCB58D /* Project object */ = {
			isa = PBXProject;
			attributes = {
				LastSwiftUpdateCheck = 0900;
				LastUpgradeCheck = 0900;
				ORGANIZATIONNAME = "Oguz Doger";
				TargetAttributes = {
					120D3B511FC4957F00BCB58D = {
						CreatedOnToolsVersion = 9.0;
					};
				};
			};
			buildConfigurationList = 120D3B4D1FC4957F00BCB58D /* Build configuration list for PBXProject "Voice Manipulation App" */;
			compatibilityVersion = "Xcode 8.0";
			developmentRegion = en;
			hasScannedForEncodings = 0;
			knownRegions = (
				en,
				Base,
			);
			mainGroup = 120D3B491FC4957F00BCB58D;
			productRefGroup = 120D3B531FC4957F00BCB58D /* Products */;
			projectDirPath = "";
			projectRoot = "";
			targets = (
				120D3B511FC4957F00BCB58D /* Voice Manipulation App */,
			);
		};
/* End PBXProject section */

/* Begin PBXResourcesBuildPhase section */
		120D3B501FC4957F00BCB58D /* Resources */ = {
			isa = PBXResourcesBuildPhase;
			buildActionMask = 2147483647;
			files = (
				120D3B631FC4957F00BCB58D /* LaunchScreen.storyboard in Resources */,
				120D3B601FC4957F00BCB58D /* Assets.xcassets in Resources */,
				120D3B5B1FC4957F00BCB58D /* Main.storyboard in Resources */,
			);
			runOnlyForDeploymentPostprocessing = 0;
		};
/* End PBXResourcesBuildPhase section */

/* Begin PBXSourcesBuildPhase section */
		120D3B4E1FC4957F00BCB58D /* Sources */ = {
			isa = PBXSourcesBuildPhase;
			buildActionMask = 2147483647;
			files = (
				120D3B5E1FC4957F00BCB58D /* Voice_Manipulation_App.xcdatamodeld in Sources */,
				120D3B581FC4957F00BCB58D /* ViewController.swift in Sources */,
				120D3B561FC4957F00BCB58D /* AppDelegate.swift in Sources */,
			);
			runOnlyForDeploymentPostprocessing = 0;
		};
/* End PBXSourcesBuildPhase section */

/* Begin PBXVariantGroup section */
		120D3B591FC4957F00BCB58D /* Main.storyboard */ = {
			isa = PBXVariantGroup;
			children = (
				120D3B5A1FC4957F00BCB58D /* Base */,
			);
			name = Main.storyboard;
			sourceTree = "<group>";
		};
		120D3B611FC4957F00BCB58D /* LaunchScreen.storyboard */ = {
			isa = PBXVariantGroup;
			children = (
				120D3B621FC4957F00BCB58D /* Base */,
			);
			name = LaunchScreen.storyboard;
			sourceTree = "<group>";
		};
/* End PBXVariantGroup section */

/* Begin XCBuildConfiguration section */
		120D3B651FC4957F00BCB58D /* Debug */ = {
			isa = XCBuildConfiguration;
			buildSettings = {
				ALWAYS_SEARCH_USER_PATHS = NO;
				CLANG_ANALYZER_NONNULL = YES;
				CLANG_ANALYZER_NUMBER_OBJECT_CONVERSION = YES_AGGRESSIVE;
				CLANG_CXX_LANGUAGE_STANDARD = "gnu++14";
				CLANG_CXX_LIBRARY = "libc++";
				CLANG_ENABLE_MODULES = YES;
				CLANG_ENABLE_OBJC_ARC = YES;
				CLANG_WARN_BLOCK_CAPTURE_AUTORELEASING = YES;
				CLANG_WARN_BOOL_CONVERSION = YES;
				CLANG_WARN_COMMA = YES;
				CLANG_WARN_CONSTANT_CONVERSION = YES;
				CLANG_WARN_DIRECT_OBJC_ISA_USAGE = YES_ERROR;
				CLANG_WARN_DOCUMENTATION_COMMENTS = YES;
				CLANG_WARN_EMPTY_BODY = YES;
				CLANG_WARN_ENUM_CONVERSION = YES;
				CLANG_WARN_INFINITE_RECURSION = YES;
				CLANG_WARN_INT_CONVERSION = YES;
				CLANG_WARN_NON_LITERAL_NULL_CONVERSION = YES;
				CLANG_WARN_OBJC_LITERAL_CONVERSION = YES;
				CLANG_WARN_OBJC_ROOT_CLASS = YES_ERROR;
				CLANG_WARN_RANGE_LOOP_ANALYSIS = YES;
				CLANG_WARN_STRICT_PROTOTYPES = YES;
				CLANG_WARN_SUSPICIOUS_MOVE = YES;
				CLANG_WARN_UNGUARDED_AVAILABILITY = YES_AGGRESSIVE;
				CLANG_WARN_UNREACHABLE_CODE = YES;
				CLANG_WARN__DUPLICATE_METHOD_MATCH = YES;
				CODE_SIGN_IDENTITY = "iPhone Developer";
				COPY_PHASE_STRIP = NO;
				DEBUG_INFORMATION_FORMAT = dwarf;
				ENABLE_STRICT_OBJC_MSGSEND = YES;
				ENABLE_TESTABILITY = YES;
				GCC_C_LANGUAGE_STANDARD = gnu11;
				GCC_DYNAMIC_NO_PIC = NO;
				GCC_NO_COMMON_BLOCKS = YES;
				GCC_OPTIMIZATION_LEVEL = 0;
				GCC_PREPROCESSOR_DEFINITIONS = (
					"DEBUG=1",
					"$(inherited)",
				);
				GCC_WARN_64_TO_32_BIT_CONVERSION = YES;
				GCC_WARN_ABOUT_RETURN_TYPE = YES_ERROR;
				GCC_WARN_UNDECLARED_SELECTOR = YES;
				GCC_WARN_UNINITIALIZED_AUTOS = YES_AGGRESSIVE;
				GCC_WARN_UNUSED_FUNCTION = YES;
				GCC_WARN_UNUSED_VARIABLE = YES;
				IPHONEOS_DEPLOYMENT_TARGET = 11.0;
				MTL_ENABLE_DEBUG_INFO = YES;
				ONLY_ACTIVE_ARCH = YES;
				SDKROOT = iphoneos;
				SWIFT_ACTIVE_COMPILATION_CONDITIONS = DEBUG;
				SWIFT_OPTIMIZATION_LEVEL = "-Onone";
			};
			name = Debug;
		};
		120D3B661FC4957F00BCB58D /* Release */ = {
			isa = XCBuildConfiguration;
			buildSettings = {
				ALWAYS_SEARCH_USER_PATHS = NO;
				CLANG_ANALYZER_NONNULL = YES;
				CLANG_ANALYZER_NUMBER_OBJECT_CONVERSION = YES_AGGRESSIVE;
				CLANG_CXX_LANGUAGE_STANDARD = "gnu++14";
				CLANG_CXX_LIBRARY = "libc++";
				CLANG_ENABLE_MODULES = YES;
				CLANG_ENABLE_OBJC_ARC = YES;
				CLANG_WARN_BLOCK_CAPTURE_AUTORELEASING = YES;
				CLANG_WARN_BOOL_CONVERSION = YES;
				CLANG_WARN_COMMA = YES;
				CLANG_WARN_CONSTANT_CONVERSION = YES;
				CLANG_WARN_DIRECT_OBJC_ISA_USAGE = YES_ERROR;
				CLANG_WARN_DOCUMENTATION_COMMENTS = YES;
				CLANG_WARN_EMPTY_BODY = YES;
				CLANG_WARN_ENUM_CONVERSION = YES;
				CLANG_WARN_INFINITE_RECURSION = YES;
				CLANG_WARN_INT_CONVERSION = YES;
				CLANG_WARN_NON_LITERAL_NULL_CONVERSION = YES;
				CLANG_WARN_OBJC_LITERAL_CONVERSION = YES;
				CLANG_WARN_OBJC_ROOT_CLASS = YES_ERROR;
				CLANG_WARN_RANGE_LOOP_ANALYSIS = YES;
				CLANG_WARN_STRICT_PROTOTYPES = YES;
				CLANG_WARN_SUSPICIOUS_MOVE = YES;
				CLANG_WARN_UNGUARDED_AVAILABILITY = YES_AGGRESSIVE;
				CLANG_WARN_UNREACHABLE_CODE = YES;
				CLANG_WARN__DUPLICATE_METHOD_MATCH = YES;
				CODE_SIGN_IDENTITY = "iPhone Developer";
				COPY_PHASE_STRIP = NO;
				DEBUG_INFORMATION_FORMAT = "dwarf-with-dsym";
				ENABLE_NS_ASSERTIONS = NO;
				ENABLE_STRICT_OBJC_MSGSEND = YES;
				GCC_C_LANGUAGE_STANDARD = gnu11;
				GCC_NO_COMMON_BLOCKS = YES;
				GCC_WARN_64_TO_32_BIT_CONVERSION = YES;
				GCC_WARN_ABOUT_RETURN_TYPE = YES_ERROR;
				GCC_WARN_UNDECLARED_SELECTOR = YES;
				GCC_WARN_UNINITIALIZED_AUTOS = YES_AGGRESSIVE;
				GCC_WARN_UNUSED_FUNCTION = YES;
				GCC_WARN_UNUSED_VARIABLE = YES;
				IPHONEOS_DEPLOYMENT_TARGET = 11.0;
				MTL_ENABLE_DEBUG_INFO = NO;
				SDKROOT = iphoneos;
				SWIFT_OPTIMIZATION_LEVEL = "-Owholemodule";
				VALIDATE_PRODUCT = YES;
			};
			name = Release;
		};
		120D3B681FC4957F00BCB58D /* Debug */ = {
			isa = XCBuildConfiguration;
			buildSettings = {
				ASSETCATALOG_COMPILER_APPICON_NAME = AppIcon;
				DEVELOPMENT_TEAM = JN3XMLGCJ3;
				INFOPLIST_FILE = "Voice Manipulation App/Info.plist";
				LD_RUNPATH_SEARCH_PATHS = "$(inherited) @executable_path/Frameworks";
				PRODUCT_BUNDLE_IDENTIFIER = "com.oguzdoger.Voice-Manipulation-App";
				PRODUCT_NAME = "$(TARGET_NAME)";
				SWIFT_VERSION = 4.0;
				TARGETED_DEVICE_FAMILY = "1,2";
			};
			name = Debug;
		};
		120D3B691FC4957F00BCB58D /* Release */ = {
			isa = XCBuildConfiguration;
			buildSettings = {
				ASSETCATALOG_COMPILER_APPICON_NAME = AppIcon;
				DEVELOPMENT_TEAM = JN3XMLGCJ3;
				INFOPLIST_FILE = "Voice Manipulation App/Info.plist";
				LD_RUNPATH_SEARCH_PATHS = "$(inherited) @executable_path/Frameworks";
				PRODUCT_BUNDLE_IDENTIFIER = "com.oguzdoger.Voice-Manipulation-App";
				PRODUCT_NAME = "$(TARGET_NAME)";
				SWIFT_VERSION = 4.0;
				TARGETED_DEVICE_FAMILY = "1,2";
			};
			name = Release;
		};
/* End XCBuildConfiguration section */

/* Begin XCConfigurationList section */
		120D3B4D1FC4957F00BCB58D /* Build configuration list for PBXProject "Voice Manipulation App" */ = {
			isa = XCConfigurationList;
			buildConfigurations = (
				120D3B651FC4957F00BCB58D /* Debug */,
				120D3B661FC4957F00BCB58D /* Release */,
			);
			defaultConfigurationIsVisible = 0;
			defaultConfigurationName = Release;
		};
		120D3B671FC4957F00BCB58D /* Build configuration list for PBXNativeTarget "Voice Manipulation App" */ = {
			isa = XCConfigurationList;
			buildConfigurations = (
				120D3B681FC4957F00BCB58D /* Debug */,
				120D3B691FC4957F00BCB58D /* Release */,
			);
			defaultConfigurationIsVisible = 0;
			defaultConfigurationName = Release;
		};
/* End XCConfigurationList section */

/* Begin XCVersionGroup section */
		120D3B5C1FC4957F00BCB58D /* Voice_Manipulation_App.xcdatamodeld */ = {
			isa = XCVersionGroup;
			children = (
				120D3B5D1FC4957F00BCB58D /* Voice_Manipulation_App.xcdatamodel */,
			);
			currentVersion = 120D3B5D1FC4957F00BCB58D /* Voice_Manipulation_App.xcdatamodel */;
			path = Voice_Manipulation_App.xcdatamodeld;
			sourceTree = "<group>";
			versionGroupType = wrapper.xcdatamodel;
		};
/* End XCVersionGroup section */
	};
	rootObject = 120D3B4A1FC4957F00BCB58D /* Project object */;
}
